
Microsoft Visual Studio Solution File, Format Version 12.00
# Visual Studio Version 16
VisualStudioVersion = 16.0.31112.23
MinimumVisualStudioVersion = 10.0.40219.1
Project("{9A19103F-16F7-4668-BE54-9A1E7A4F7556}") = "testC01", "testC01\testC01.csproj", "{94BA243E-A155-4041-888C-1908AC126202}"
EndProject
Project("{FAE04EC0-301F-11D3-BF4B-00C04F79EFBC}") = "XUnitTest", "XUnitTest\XUnitTest.csproj", "{632C7241-3033-4CD7-9BFB-9228AC8DFAA1}"
EndProject
Global
	GlobalSection(SolutionConfigurationPlatforms) = preSolution
		Debug|Any CPU = Debug|Any CPU
		Release|Any CPU = Release|Any CPU
	EndGlobalSection
	GlobalSection(ProjectConfigurationPlatforms) = postSolution
		{94BA243E-A155-4041-888C-1908AC126202}.Debug|Any CPU.ActiveCfg = Debug|Any CPU
		{94BA243E-A155-4041-888C-1908AC126202}.Debug|Any CPU.Build.0 = Debug|Any CPU
		{94BA243E-A155-4041-888C-1908AC126202}.Release|Any CPU.ActiveCfg = Release|Any CPU
		{94BA243E-A155-4041-888C-1908AC126202}.Release|Any CPU.Build.0 = Release|Any CPU
		{632C7241-3033-4CD7-9BFB-9228AC8DFAA1}.Debug|Any CPU.ActiveCfg = Debug|Any CPU
		{632C7241-3033-4CD7-9BFB-9228AC8DFAA1}.Debug|Any CPU.Build.0 = Debug|Any CPU
		{632C7241-3033-4CD7-9BFB-9228AC8DFAA1}.Release|Any CPU.ActiveCfg = Release|Any CPU
		{632C7241-3033-4CD7-9BFB-9228AC8DFAA1}.Release|Any CPU.Build.0 = Release|Any CPU
	EndGlobalSection
	GlobalSection(SolutionProperties) = preSolution
		HideSolutionNode = FALSE
	EndGlobalSection
	GlobalSection(ExtensibilityGlobals) = postSolution
		SolutionGuid = {F5CDCEAB-62F3-4F32-B64C-F08703C4C702}
	EndGlobalSection
EndGlobal
